
Microsoft Visual Studio Solution File, Format Version 12.00
# Visual Studio Version 16
VisualStudioVersion = 16.0.31424.327
MinimumVisualStudioVersion = 10.0.40219.1
Project("{FAE04EC0-301F-11D3-BF4B-00C04F79EFBC}") = "TiposBasicos", "TiposBasicos\TiposBasicos.csproj", "{E185C344-7BBA-4D68-89E9-D27BFAE8CF55}"
EndProject
Global
	GlobalSection(SolutionConfigurationPlatforms) = preSolution
		Debug|Any CPU = Debug|Any CPU
		Release|Any CPU = Release|Any CPU
	EndGlobalSection
	GlobalSection(ProjectConfigurationPlatforms) = postSolution
		{E185C344-7BBA-4D68-89E9-D27BFAE8CF55}.Debug|Any CPU.ActiveCfg = Debug|Any CPU
		{E185C344-7BBA-4D68-89E9-D27BFAE8CF55}.Debug|Any CPU.Build.0 = Debug|Any CPU
		{E185C344-7BBA-4D68-89E9-D27BFAE8CF55}.Release|Any CPU.ActiveCfg = Release|Any CPU
		{E185C344-7BBA-4D68-89E9-D27BFAE8CF55}.Release|Any CPU.Build.0 = Release|Any CPU
	EndGlobalSection
	GlobalSection(SolutionProperties) = preSolution
		HideSolutionNode = FALSE
	EndGlobalSection
	GlobalSection(ExtensibilityGlobals) = postSolution
		SolutionGuid = {656A656C-512B-46B7-9CBA-8B541D12719C}
	EndGlobalSection
EndGlobal
