
Microsoft Visual Studio Solution File, Format Version 12.00
Project("{FAE04EC0-301F-11D3-BF4B-00C04F79EFBC}") = "ExProp_22", "ExProp_22\ExProp_22.csproj", "{66A34F1C-FAC1-46F6-A62F-69ECA09B6915}"
EndProject
Global
	GlobalSection(SolutionConfigurationPlatforms) = preSolution
		Debug|Any CPU = Debug|Any CPU
		Release|Any CPU = Release|Any CPU
	EndGlobalSection
	GlobalSection(ProjectConfigurationPlatforms) = postSolution
		{66A34F1C-FAC1-46F6-A62F-69ECA09B6915}.Debug|Any CPU.ActiveCfg = Debug|Any CPU
		{66A34F1C-FAC1-46F6-A62F-69ECA09B6915}.Debug|Any CPU.Build.0 = Debug|Any CPU
		{66A34F1C-FAC1-46F6-A62F-69ECA09B6915}.Release|Any CPU.ActiveCfg = Release|Any CPU
		{66A34F1C-FAC1-46F6-A62F-69ECA09B6915}.Release|Any CPU.Build.0 = Release|Any CPU
	EndGlobalSection
EndGlobal
