
Microsoft Visual Studio Solution File, Format Version 12.00
# Visual Studio Version 17
VisualStudioVersion = 17.2.32519.379
MinimumVisualStudioVersion = 10.0.40219.1
Project("{FAE04EC0-301F-11D3-BF4B-00C04F79EFBC}") = "GetHashCode_and_Equals", "GetHashCode_and_Equals\GetHashCode_and_Equals.csproj", "{241F1369-4E53-411F-952E-2779E4723F21}"
EndProject
Global
	GlobalSection(SolutionConfigurationPlatforms) = preSolution
		Debug|Any CPU = Debug|Any CPU
		Release|Any CPU = Release|Any CPU
	EndGlobalSection
	GlobalSection(ProjectConfigurationPlatforms) = postSolution
		{241F1369-4E53-411F-952E-2779E4723F21}.Debug|Any CPU.ActiveCfg = Debug|Any CPU
		{241F1369-4E53-411F-952E-2779E4723F21}.Debug|Any CPU.Build.0 = Debug|Any CPU
		{241F1369-4E53-411F-952E-2779E4723F21}.Release|Any CPU.ActiveCfg = Release|Any CPU
		{241F1369-4E53-411F-952E-2779E4723F21}.Release|Any CPU.Build.0 = Release|Any CPU
	EndGlobalSection
	GlobalSection(SolutionProperties) = preSolution
		HideSolutionNode = FALSE
	EndGlobalSection
	GlobalSection(ExtensibilityGlobals) = postSolution
		SolutionGuid = {8CC5B983-7594-4315-A4AA-86328033CAB0}
	EndGlobalSection
EndGlobal
