
Microsoft Visual Studio Solution File, Format Version 12.00
Project("{FAE04EC0-301F-11D3-BF4B-00C04F79EFBC}") = "TiposBasicos2", "TiposBasicos2\TiposBasicos2.csproj", "{2691F027-0DB8-4DE2-9900-6AFDA300A3CB}"
EndProject
Global
	GlobalSection(SolutionConfigurationPlatforms) = preSolution
		Debug|Any CPU = Debug|Any CPU
		Release|Any CPU = Release|Any CPU
	EndGlobalSection
	GlobalSection(ProjectConfigurationPlatforms) = postSolution
		{2691F027-0DB8-4DE2-9900-6AFDA300A3CB}.Debug|Any CPU.ActiveCfg = Debug|Any CPU
		{2691F027-0DB8-4DE2-9900-6AFDA300A3CB}.Debug|Any CPU.Build.0 = Debug|Any CPU
		{2691F027-0DB8-4DE2-9900-6AFDA300A3CB}.Release|Any CPU.ActiveCfg = Release|Any CPU
		{2691F027-0DB8-4DE2-9900-6AFDA300A3CB}.Release|Any CPU.Build.0 = Release|Any CPU
	EndGlobalSection
EndGlobal
