
Microsoft Visual Studio Solution File, Format Version 12.00
Project("{FAE04EC0-301F-11D3-BF4B-00C04F79EFBC}") = "UsingBlock", "UsingBlock\UsingBlock.csproj", "{36562DE7-D7A5-4412-88A1-D1D2ADC83FAE}"
EndProject
Global
	GlobalSection(SolutionConfigurationPlatforms) = preSolution
		Debug|Any CPU = Debug|Any CPU
		Release|Any CPU = Release|Any CPU
	EndGlobalSection
	GlobalSection(ProjectConfigurationPlatforms) = postSolution
		{36562DE7-D7A5-4412-88A1-D1D2ADC83FAE}.Debug|Any CPU.ActiveCfg = Debug|Any CPU
		{36562DE7-D7A5-4412-88A1-D1D2ADC83FAE}.Debug|Any CPU.Build.0 = Debug|Any CPU
		{36562DE7-D7A5-4412-88A1-D1D2ADC83FAE}.Release|Any CPU.ActiveCfg = Release|Any CPU
		{36562DE7-D7A5-4412-88A1-D1D2ADC83FAE}.Release|Any CPU.Build.0 = Release|Any CPU
	EndGlobalSection
EndGlobal
