
Microsoft Visual Studio Solution File, Format Version 12.00
# Visual Studio Version 16
VisualStudioVersion = 16.0.31424.327
MinimumVisualStudioVersion = 10.0.40219.1
Project("{FAE04EC0-301F-11D3-BF4B-00C04F79EFBC}") = "PrimerioProjeto", "PrimerioProjeto\PrimerioProjeto.csproj", "{4967E685-D24D-4B02-A9ED-A9BB9D1DB87E}"
EndProject
Global
	GlobalSection(SolutionConfigurationPlatforms) = preSolution
		Debug|Any CPU = Debug|Any CPU
		Release|Any CPU = Release|Any CPU
	EndGlobalSection
	GlobalSection(ProjectConfigurationPlatforms) = postSolution
		{4967E685-D24D-4B02-A9ED-A9BB9D1DB87E}.Debug|Any CPU.ActiveCfg = Debug|Any CPU
		{4967E685-D24D-4B02-A9ED-A9BB9D1DB87E}.Debug|Any CPU.Build.0 = Debug|Any CPU
		{4967E685-D24D-4B02-A9ED-A9BB9D1DB87E}.Release|Any CPU.ActiveCfg = Release|Any CPU
		{4967E685-D24D-4B02-A9ED-A9BB9D1DB87E}.Release|Any CPU.Build.0 = Release|Any CPU
	EndGlobalSection
	GlobalSection(SolutionProperties) = preSolution
		HideSolutionNode = FALSE
	EndGlobalSection
	GlobalSection(ExtensibilityGlobals) = postSolution
		SolutionGuid = {AFA3F758-B7B8-44BC-9B3E-52F76C66E839}
	EndGlobalSection
EndGlobal
