
Microsoft Visual Studio Solution File, Format Version 12.00
# Visual Studio Version 17
VisualStudioVersion = 17.2.32519.379
MinimumVisualStudioVersion = 10.0.40219.1
Project("{FAE04EC0-301F-11D3-BF4B-00C04F79EFBC}") = "ExtensionMethods", "ExtensionMethods\ExtensionMethods.csproj", "{6B14C923-5A2A-40A9-B349-AAB931B45A1C}"
EndProject
Global
	GlobalSection(SolutionConfigurationPlatforms) = preSolution
		Debug|Any CPU = Debug|Any CPU
		Release|Any CPU = Release|Any CPU
	EndGlobalSection
	GlobalSection(ProjectConfigurationPlatforms) = postSolution
		{6B14C923-5A2A-40A9-B349-AAB931B45A1C}.Debug|Any CPU.ActiveCfg = Debug|Any CPU
		{6B14C923-5A2A-40A9-B349-AAB931B45A1C}.Debug|Any CPU.Build.0 = Debug|Any CPU
		{6B14C923-5A2A-40A9-B349-AAB931B45A1C}.Release|Any CPU.ActiveCfg = Release|Any CPU
		{6B14C923-5A2A-40A9-B349-AAB931B45A1C}.Release|Any CPU.Build.0 = Release|Any CPU
	EndGlobalSection
	GlobalSection(SolutionProperties) = preSolution
		HideSolutionNode = FALSE
	EndGlobalSection
	GlobalSection(ExtensibilityGlobals) = postSolution
		SolutionGuid = {1E08595F-F1A7-486A-95EC-519B63A024E8}
	EndGlobalSection
EndGlobal
