
Microsoft Visual Studio Solution File, Format Version 12.00
# Visual Studio Version 17
VisualStudioVersion = 17.2.32519.379
MinimumVisualStudioVersion = 10.0.40219.1
Project("{FAE04EC0-301F-11D3-BF4B-00C04F79EFBC}") = "ExProp_36", "ExProp_36\ExProp_36.csproj", "{766A8346-9B3A-45DD-8D93-65747FE3AA7F}"
EndProject
Global
	GlobalSection(SolutionConfigurationPlatforms) = preSolution
		Debug|Any CPU = Debug|Any CPU
		Release|Any CPU = Release|Any CPU
	EndGlobalSection
	GlobalSection(ProjectConfigurationPlatforms) = postSolution
		{766A8346-9B3A-45DD-8D93-65747FE3AA7F}.Debug|Any CPU.ActiveCfg = Debug|Any CPU
		{766A8346-9B3A-45DD-8D93-65747FE3AA7F}.Debug|Any CPU.Build.0 = Debug|Any CPU
		{766A8346-9B3A-45DD-8D93-65747FE3AA7F}.Release|Any CPU.ActiveCfg = Release|Any CPU
		{766A8346-9B3A-45DD-8D93-65747FE3AA7F}.Release|Any CPU.Build.0 = Release|Any CPU
	EndGlobalSection
	GlobalSection(SolutionProperties) = preSolution
		HideSolutionNode = FALSE
	EndGlobalSection
	GlobalSection(ExtensibilityGlobals) = postSolution
		SolutionGuid = {760C4D9E-8F0B-420C-8ED8-3B0352ED00D5}
	EndGlobalSection
EndGlobal
