
Microsoft Visual Studio Solution File, Format Version 12.00
Project("{FAE04EC0-301F-11D3-BF4B-00C04F79EFBC}") = "ExProp_14", "ExProp_14\ExProp_14.csproj", "{8C9D2663-CECB-4979-8EBA-BB573CDEFA51}"
EndProject
Global
	GlobalSection(SolutionConfigurationPlatforms) = preSolution
		Debug|Any CPU = Debug|Any CPU
		Release|Any CPU = Release|Any CPU
	EndGlobalSection
	GlobalSection(ProjectConfigurationPlatforms) = postSolution
		{8C9D2663-CECB-4979-8EBA-BB573CDEFA51}.Debug|Any CPU.ActiveCfg = Debug|Any CPU
		{8C9D2663-CECB-4979-8EBA-BB573CDEFA51}.Debug|Any CPU.Build.0 = Debug|Any CPU
		{8C9D2663-CECB-4979-8EBA-BB573CDEFA51}.Release|Any CPU.ActiveCfg = Release|Any CPU
		{8C9D2663-CECB-4979-8EBA-BB573CDEFA51}.Release|Any CPU.Build.0 = Release|Any CPU
	EndGlobalSection
EndGlobal
