
Microsoft Visual Studio Solution File, Format Version 12.00
Project("{FAE04EC0-301F-11D3-BF4B-00C04F79EFBC}") = "ExProp_001", "ExProp_001\ExProp_001.csproj", "{21E7F997-1EFD-425D-B698-DEEB902DC8AC}"
EndProject
Global
	GlobalSection(SolutionConfigurationPlatforms) = preSolution
		Debug|Any CPU = Debug|Any CPU
		Release|Any CPU = Release|Any CPU
	EndGlobalSection
	GlobalSection(ProjectConfigurationPlatforms) = postSolution
		{21E7F997-1EFD-425D-B698-DEEB902DC8AC}.Debug|Any CPU.ActiveCfg = Debug|Any CPU
		{21E7F997-1EFD-425D-B698-DEEB902DC8AC}.Debug|Any CPU.Build.0 = Debug|Any CPU
		{21E7F997-1EFD-425D-B698-DEEB902DC8AC}.Release|Any CPU.ActiveCfg = Release|Any CPU
		{21E7F997-1EFD-425D-B698-DEEB902DC8AC}.Release|Any CPU.Build.0 = Release|Any CPU
	EndGlobalSection
EndGlobal
