
Microsoft Visual Studio Solution File, Format Version 12.00
Project("{FAE04EC0-301F-11D3-BF4B-00C04F79EFBC}") = "Operadores_atribuicao", "Operadores_atribuicao\Operadores_atribuicao.csproj", "{ADEFF26C-15FC-454D-B4EA-6C0B38ECCAF2}"
EndProject
Global
	GlobalSection(SolutionConfigurationPlatforms) = preSolution
		Debug|Any CPU = Debug|Any CPU
		Release|Any CPU = Release|Any CPU
	EndGlobalSection
	GlobalSection(ProjectConfigurationPlatforms) = postSolution
		{ADEFF26C-15FC-454D-B4EA-6C0B38ECCAF2}.Debug|Any CPU.ActiveCfg = Debug|Any CPU
		{ADEFF26C-15FC-454D-B4EA-6C0B38ECCAF2}.Debug|Any CPU.Build.0 = Debug|Any CPU
		{ADEFF26C-15FC-454D-B4EA-6C0B38ECCAF2}.Release|Any CPU.ActiveCfg = Release|Any CPU
		{ADEFF26C-15FC-454D-B4EA-6C0B38ECCAF2}.Release|Any CPU.Build.0 = Release|Any CPU
	EndGlobalSection
EndGlobal
