
Microsoft Visual Studio Solution File, Format Version 12.00
# Visual Studio Version 17
VisualStudioVersion = 17.2.32519.379
MinimumVisualStudioVersion = 10.0.40219.1
Project("{FAE04EC0-301F-11D3-BF4B-00C04F79EFBC}") = "HashSet_and_SortedSet", "HashSet_and_SortedSet\HashSet_and_SortedSet.csproj", "{204B7BC4-2CEA-45DD-8688-B3163E520F47}"
EndProject
Global
	GlobalSection(SolutionConfigurationPlatforms) = preSolution
		Debug|Any CPU = Debug|Any CPU
		Release|Any CPU = Release|Any CPU
	EndGlobalSection
	GlobalSection(ProjectConfigurationPlatforms) = postSolution
		{204B7BC4-2CEA-45DD-8688-B3163E520F47}.Debug|Any CPU.ActiveCfg = Debug|Any CPU
		{204B7BC4-2CEA-45DD-8688-B3163E520F47}.Debug|Any CPU.Build.0 = Debug|Any CPU
		{204B7BC4-2CEA-45DD-8688-B3163E520F47}.Release|Any CPU.ActiveCfg = Release|Any CPU
		{204B7BC4-2CEA-45DD-8688-B3163E520F47}.Release|Any CPU.Build.0 = Release|Any CPU
	EndGlobalSection
	GlobalSection(SolutionProperties) = preSolution
		HideSolutionNode = FALSE
	EndGlobalSection
	GlobalSection(ExtensibilityGlobals) = postSolution
		SolutionGuid = {D3A8FD64-33D9-4B2A-8F82-D2DB18859DB2}
	EndGlobalSection
EndGlobal
