
Microsoft Visual Studio Solution File, Format Version 12.00
# Visual Studio Version 17
VisualStudioVersion = 17.2.32519.379
MinimumVisualStudioVersion = 10.0.40219.1
Project("{FAE04EC0-301F-11D3-BF4B-00C04F79EFBC}") = "ExProp_35", "ExProp_35\ExProp_35.csproj", "{48243905-6E91-4215-9612-1FB2C30E8E36}"
EndProject
Global
	GlobalSection(SolutionConfigurationPlatforms) = preSolution
		Debug|Any CPU = Debug|Any CPU
		Release|Any CPU = Release|Any CPU
	EndGlobalSection
	GlobalSection(ProjectConfigurationPlatforms) = postSolution
		{48243905-6E91-4215-9612-1FB2C30E8E36}.Debug|Any CPU.ActiveCfg = Debug|Any CPU
		{48243905-6E91-4215-9612-1FB2C30E8E36}.Debug|Any CPU.Build.0 = Debug|Any CPU
		{48243905-6E91-4215-9612-1FB2C30E8E36}.Release|Any CPU.ActiveCfg = Release|Any CPU
		{48243905-6E91-4215-9612-1FB2C30E8E36}.Release|Any CPU.Build.0 = Release|Any CPU
	EndGlobalSection
	GlobalSection(SolutionProperties) = preSolution
		HideSolutionNode = FALSE
	EndGlobalSection
	GlobalSection(ExtensibilityGlobals) = postSolution
		SolutionGuid = {5AE8887C-BB6C-4DB7-BA14-140CBD0187AB}
	EndGlobalSection
EndGlobal
