
Microsoft Visual Studio Solution File, Format Version 12.00
Project("{FAE04EC0-301F-11D3-BF4B-00C04F79EFBC}") = "ExProp_10", "ExProp_10\ExProp_10.csproj", "{0FCC3E5E-36DE-4A6A-B7A5-4573F12AB72A}"
EndProject
Global
	GlobalSection(SolutionConfigurationPlatforms) = preSolution
		Debug|Any CPU = Debug|Any CPU
		Release|Any CPU = Release|Any CPU
	EndGlobalSection
	GlobalSection(ProjectConfigurationPlatforms) = postSolution
		{0FCC3E5E-36DE-4A6A-B7A5-4573F12AB72A}.Debug|Any CPU.ActiveCfg = Debug|Any CPU
		{0FCC3E5E-36DE-4A6A-B7A5-4573F12AB72A}.Debug|Any CPU.Build.0 = Debug|Any CPU
		{0FCC3E5E-36DE-4A6A-B7A5-4573F12AB72A}.Release|Any CPU.ActiveCfg = Release|Any CPU
		{0FCC3E5E-36DE-4A6A-B7A5-4573F12AB72A}.Release|Any CPU.Build.0 = Release|Any CPU
	EndGlobalSection
EndGlobal
