
Microsoft Visual Studio Solution File, Format Version 12.00
Project("{FAE04EC0-301F-11D3-BF4B-00C04F79EFBC}") = "Operadores_aritmeticos", "Operadores_aritmeticos\Operadores_aritmeticos.csproj", "{AED43778-6F27-45B1-81AE-DE0B07FA782F}"
EndProject
Global
	GlobalSection(SolutionConfigurationPlatforms) = preSolution
		Debug|Any CPU = Debug|Any CPU
		Release|Any CPU = Release|Any CPU
	EndGlobalSection
	GlobalSection(ProjectConfigurationPlatforms) = postSolution
		{AED43778-6F27-45B1-81AE-DE0B07FA782F}.Debug|Any CPU.ActiveCfg = Debug|Any CPU
		{AED43778-6F27-45B1-81AE-DE0B07FA782F}.Debug|Any CPU.Build.0 = Debug|Any CPU
		{AED43778-6F27-45B1-81AE-DE0B07FA782F}.Release|Any CPU.ActiveCfg = Release|Any CPU
		{AED43778-6F27-45B1-81AE-DE0B07FA782F}.Release|Any CPU.Build.0 = Release|Any CPU
	EndGlobalSection
EndGlobal
