
Microsoft Visual Studio Solution File, Format Version 12.00
# Visual Studio Version 17
VisualStudioVersion = 17.2.32519.379
MinimumVisualStudioVersion = 10.0.40219.1
Project("{FAE04EC0-301F-11D3-BF4B-00C04F79EFBC}") = "MetodoGenerics", "MetodoGenerics\MetodoGenerics.csproj", "{2950A8EE-A3C2-406B-A484-83E2A9C009C5}"
EndProject
Global
	GlobalSection(SolutionConfigurationPlatforms) = preSolution
		Debug|Any CPU = Debug|Any CPU
		Release|Any CPU = Release|Any CPU
	EndGlobalSection
	GlobalSection(ProjectConfigurationPlatforms) = postSolution
		{2950A8EE-A3C2-406B-A484-83E2A9C009C5}.Debug|Any CPU.ActiveCfg = Debug|Any CPU
		{2950A8EE-A3C2-406B-A484-83E2A9C009C5}.Debug|Any CPU.Build.0 = Debug|Any CPU
		{2950A8EE-A3C2-406B-A484-83E2A9C009C5}.Release|Any CPU.ActiveCfg = Release|Any CPU
		{2950A8EE-A3C2-406B-A484-83E2A9C009C5}.Release|Any CPU.Build.0 = Release|Any CPU
	EndGlobalSection
	GlobalSection(SolutionProperties) = preSolution
		HideSolutionNode = FALSE
	EndGlobalSection
	GlobalSection(ExtensibilityGlobals) = postSolution
		SolutionGuid = {F7998636-E614-4333-95D6-9ECE3C81B689}
	EndGlobalSection
EndGlobal
