
Microsoft Visual Studio Solution File, Format Version 12.00
# Visual Studio Version 17
VisualStudioVersion = 17.2.32519.379
MinimumVisualStudioVersion = 10.0.40219.1
Project("{FAE04EC0-301F-11D3-BF4B-00C04F79EFBC}") = "Exercicio009", "Exercicio009\Exercicio009.csproj", "{C27F7A1B-7DC8-4E31-9F7F-1039CA0BD93D}"
EndProject
Global
	GlobalSection(SolutionConfigurationPlatforms) = preSolution
		Debug|Any CPU = Debug|Any CPU
		Release|Any CPU = Release|Any CPU
	EndGlobalSection
	GlobalSection(ProjectConfigurationPlatforms) = postSolution
		{C27F7A1B-7DC8-4E31-9F7F-1039CA0BD93D}.Debug|Any CPU.ActiveCfg = Debug|Any CPU
		{C27F7A1B-7DC8-4E31-9F7F-1039CA0BD93D}.Debug|Any CPU.Build.0 = Debug|Any CPU
		{C27F7A1B-7DC8-4E31-9F7F-1039CA0BD93D}.Release|Any CPU.ActiveCfg = Release|Any CPU
		{C27F7A1B-7DC8-4E31-9F7F-1039CA0BD93D}.Release|Any CPU.Build.0 = Release|Any CPU
	EndGlobalSection
	GlobalSection(SolutionProperties) = preSolution
		HideSolutionNode = FALSE
	EndGlobalSection
	GlobalSection(ExtensibilityGlobals) = postSolution
		SolutionGuid = {1BC2DEBD-56E1-4778-B68D-7E6A5BA805F4}
	EndGlobalSection
EndGlobal
